// !$*UTF8*$!
{
	archiveVersion = 1;
	classes = {
	};
	objectVersion = 52;
	objects = {

/* Begin PBXBuildFile section */
		221BACE324F2C72E0080F590 /* EventCategoryObject.swift in Sources */ = {isa = PBXBuildFile; fileRef = 221BACE224F2C72E0080F590 /* EventCategoryObject.swift */; };
		22412FA724EEEB1A00E5DA93 /* EventEditStoryboard.storyboard in Resources */ = {isa = PBXBuildFile; fileRef = 22412FA624EEEB1A00E5DA93 /* EventEditStoryboard.storyboard */; };
		22412FA924EEEB3C00E5DA93 /* EventEditViewController.swift in Sources */ = {isa = PBXBuildFile; fileRef = 22412FA824EEEB3C00E5DA93 /* EventEditViewController.swift */; };
		225D640E24EBD66300F34076 /* EditableProfileView.xib in Resources */ = {isa = PBXBuildFile; fileRef = 225D640D24EBD66300F34076 /* EditableProfileView.xib */; };
		225D641024EBD69400F34076 /* EditableProfileView.swift in Sources */ = {isa = PBXBuildFile; fileRef = 225D640F24EBD69400F34076 /* EditableProfileView.swift */; };
		226B293F24F2782B00B22EFD /* EventEditViewModel.swift in Sources */ = {isa = PBXBuildFile; fileRef = 226B293E24F2782B00B22EFD /* EventEditViewModel.swift */; };
		2283072E24E6DD5F00A6E1A7 /* UserRemoteDataService.swift in Sources */ = {isa = PBXBuildFile; fileRef = 2283072D24E6DD5F00A6E1A7 /* UserRemoteDataService.swift */; };
		2283073024E6DE3D00A6E1A7 /* UserInfoDto.swift in Sources */ = {isa = PBXBuildFile; fileRef = 2283072F24E6DE3D00A6E1A7 /* UserInfoDto.swift */; };
		2283073224E6DF4900A6E1A7 /* UserInfoObject.swift in Sources */ = {isa = PBXBuildFile; fileRef = 2283073124E6DF4900A6E1A7 /* UserInfoObject.swift */; };
		22C881BB24E583000069E07D /* ProfileStoryboard.storyboard in Resources */ = {isa = PBXBuildFile; fileRef = 22C881BA24E583000069E07D /* ProfileStoryboard.storyboard */; };
		22C881BD24E583780069E07D /* ProfileViewController.swift in Sources */ = {isa = PBXBuildFile; fileRef = 22C881BC24E583780069E07D /* ProfileViewController.swift */; };
		22C881C024E5881E0069E07D /* ProfileViewModel.swift in Sources */ = {isa = PBXBuildFile; fileRef = 22C881BF24E5881E0069E07D /* ProfileViewModel.swift */; };
		62D9B011E374F7909670BB48 /* EventDetailObject.swift in Sources */ = {isa = PBXBuildFile; fileRef = 62D9B2C09AFDF32C08F993A8 /* EventDetailObject.swift */; };
		62D9B0C42D00138673F62281 /* UIExtensions .swift in Sources */ = {isa = PBXBuildFile; fileRef = 62D9BA7E81DD2B2ABAAD9209 /* UIExtensions .swift */; };
		62D9B8E229FECB3EA45E6186 /* DataEnums.swift in Sources */ = {isa = PBXBuildFile; fileRef = 62D9BD13573B2A5EEBDF9175 /* DataEnums.swift */; };
		62D9BF96BE08C4650C4F0660 /* UserInfoForUpdateObject.swift in Sources */ = {isa = PBXBuildFile; fileRef = 62D9B22EB250C79186C625B8 /* UserInfoForUpdateObject.swift */; };
		D0006D24250AB0AA00562FF5 /* SDWebImageSwiftUI in Frameworks */ = {isa = PBXBuildFile; productRef = D026EA0724A235EB00EF2248 /* SDWebImageSwiftUI */; };
		D0006D25250AB0AA00562FF5 /* MBProgressHUD in Frameworks */ = {isa = PBXBuildFile; productRef = D026EA0A24A236B600EF2248 /* MBProgressHUD */; };
		D0006D26250AB0AA00562FF5 /* Alamofire in Frameworks */ = {isa = PBXBuildFile; productRef = D0DED8E024E4139A000C0407 /* Alamofire */; };
		D0006D27250AB0AA00562FF5 /* KDCalendar in Frameworks */ = {isa = PBXBuildFile; productRef = D0082B5B24E570DD00ED1996 /* KDCalendar */; };
		D00355B424BDCA5000C73CA5 /* ExpensesViewModel.swift in Sources */ = {isa = PBXBuildFile; fileRef = D00355B324BDCA5000C73CA5 /* ExpensesViewModel.swift */; };
		D00355B724BDCA9C00C73CA5 /* ExpensesViewController.swift in Sources */ = {isa = PBXBuildFile; fileRef = D00355B624BDCA9C00C73CA5 /* ExpensesViewController.swift */; };
		D00355B924BDCAAE00C73CA5 /* ExpensesStoryboard.storyboard in Resources */ = {isa = PBXBuildFile; fileRef = D00355B824BDCAAE00C73CA5 /* ExpensesStoryboard.storyboard */; };
		D006A0E224DAA4EE0069F21C /* DefaultUIPickerView.swift in Sources */ = {isa = PBXBuildFile; fileRef = D006A0E124DAA4EE0069F21C /* DefaultUIPickerView.swift */; };
		D019611724F7D7F700789A36 /* EmptyView.xib in Resources */ = {isa = PBXBuildFile; fileRef = D019611624F7D7F700789A36 /* EmptyView.xib */; };
		D019611B24F7E0C200789A36 /* UIViewExtensions.swift in Sources */ = {isa = PBXBuildFile; fileRef = D019611A24F7E0C200789A36 /* UIViewExtensions.swift */; };
		D01B9FCB24D238DA00E97A93 /* File.json in Resources */ = {isa = PBXBuildFile; fileRef = D01B9FCA24D238DA00E97A93 /* File.json */; };
		D026E9BD24A2333400EF2248 /* AppDelegate.swift in Sources */ = {isa = PBXBuildFile; fileRef = D026E9BC24A2333400EF2248 /* AppDelegate.swift */; };
		D026E9C624A2333500EF2248 /* Assets.xcassets in Resources */ = {isa = PBXBuildFile; fileRef = D026E9C524A2333500EF2248 /* Assets.xcassets */; };
		D026E9C924A2333500EF2248 /* LaunchScreen.storyboard in Resources */ = {isa = PBXBuildFile; fileRef = D026E9C724A2333500EF2248 /* LaunchScreen.storyboard */; };
		D026EA3B24A2375800EF2248 /* UIConverters.swift in Sources */ = {isa = PBXBuildFile; fileRef = D026EA2224A2375800EF2248 /* UIConverters.swift */; };
		D026EA3C24A2375800EF2248 /* DefaultTableViewDataSource.swift in Sources */ = {isa = PBXBuildFile; fileRef = D026EA2624A2375800EF2248 /* DefaultTableViewDataSource.swift */; };
		D026EA3D24A2375800EF2248 /* DefaultTableViewDelegate.swift in Sources */ = {isa = PBXBuildFile; fileRef = D026EA2724A2375800EF2248 /* DefaultTableViewDelegate.swift */; };
		D026EA3E24A2375800EF2248 /* BaseViewController.swift in Sources */ = {isa = PBXBuildFile; fileRef = D026EA2924A2375800EF2248 /* BaseViewController.swift */; };
		D026EA4324A2375800EF2248 /* LoginStoryboard.storyboard in Resources */ = {isa = PBXBuildFile; fileRef = D026EA3524A2375800EF2248 /* LoginStoryboard.storyboard */; };
		D026EA4424A2375800EF2248 /* LoginViewController.swift in Sources */ = {isa = PBXBuildFile; fileRef = D026EA3624A2375800EF2248 /* LoginViewController.swift */; };
		D026EA8124A237B200EF2248 /* BaseViewModel.swift in Sources */ = {isa = PBXBuildFile; fileRef = D026EA7B24A237B200EF2248 /* BaseViewModel.swift */; };
		D026EA8B24A237F400EF2248 /* Consts.swift in Sources */ = {isa = PBXBuildFile; fileRef = D026EA8624A237F400EF2248 /* Consts.swift */; };
		D026EA8C24A237F400EF2248 /* DialogService.swift in Sources */ = {isa = PBXBuildFile; fileRef = D026EA8724A237F400EF2248 /* DialogService.swift */; };
		D026EA8D24A237F400EF2248 /* SwiftEventBus.swift in Sources */ = {isa = PBXBuildFile; fileRef = D026EA8824A237F400EF2248 /* SwiftEventBus.swift */; };
		D026EA8E24A237F400EF2248 /* SettingsService.swift in Sources */ = {isa = PBXBuildFile; fileRef = D026EA8924A237F400EF2248 /* SettingsService.swift */; };
		D026EA8F24A237F400EF2248 /* NavigationService.swift in Sources */ = {isa = PBXBuildFile; fileRef = D026EA8A24A237F400EF2248 /* NavigationService.swift */; };
		D026EA9324A238F700EF2248 /* InitializedViewCell.swift in Sources */ = {isa = PBXBuildFile; fileRef = D026EA9224A238F700EF2248 /* InitializedViewCell.swift */; };
		D026EADC24A23D6800EF2248 /* DataServices.swift in Sources */ = {isa = PBXBuildFile; fileRef = D026EAC824A23D6800EF2248 /* DataServices.swift */; };
		D026EADD24A23D6800EF2248 /* BaseMockDataService.swift in Sources */ = {isa = PBXBuildFile; fileRef = D026EACA24A23D6800EF2248 /* BaseMockDataService.swift */; };
		D026EADE24A23D6800EF2248 /* UserMockDataService.swift in Sources */ = {isa = PBXBuildFile; fileRef = D026EACB24A23D6800EF2248 /* UserMockDataService.swift */; };
		D026EADF24A23D6800EF2248 /* LoginDto.swift in Sources */ = {isa = PBXBuildFile; fileRef = D026EACE24A23D6800EF2248 /* LoginDto.swift */; };
		D026EAE024A23D6800EF2248 /* expenseJson.json in Resources */ = {isa = PBXBuildFile; fileRef = D026EAD024A23D6800EF2248 /* expenseJson.json */; };
		D026EAE124A23D6800EF2248 /* RequestResult.swift in Sources */ = {isa = PBXBuildFile; fileRef = D026EAD124A23D6800EF2248 /* RequestResult.swift */; };
		D026EAE224A23D6800EF2248 /* EndPoints.swift in Sources */ = {isa = PBXBuildFile; fileRef = D026EAD324A23D6800EF2248 /* EndPoints.swift */; };
		D026EAE324A23D6800EF2248 /* BaseRemoteDataService.swift in Sources */ = {isa = PBXBuildFile; fileRef = D026EAD424A23D6800EF2248 /* BaseRemoteDataService.swift */; };
		D026EAE424A23D6800EF2248 /* ConverterExtensions.swift in Sources */ = {isa = PBXBuildFile; fileRef = D026EAD624A23D6800EF2248 /* ConverterExtensions.swift */; };
		D026EAE524A23D6800EF2248 /* LoginResponseObject.swift in Sources */ = {isa = PBXBuildFile; fileRef = D026EAD924A23D6800EF2248 /* LoginResponseObject.swift */; };
		D026EAE624A23D6800EF2248 /* UserProtocol.swift in Sources */ = {isa = PBXBuildFile; fileRef = D026EADB24A23D6800EF2248 /* UserProtocol.swift */; };
		D026EAE824A23D9800EF2248 /* LoginViewModel.swift in Sources */ = {isa = PBXBuildFile; fileRef = D026EAE724A23D9800EF2248 /* LoginViewModel.swift */; };
		D02850F224D93F1B005AA6FF /* ExpenseCategoryObject.swift in Sources */ = {isa = PBXBuildFile; fileRef = D02850F124D93F1B005AA6FF /* ExpenseCategoryObject.swift */; };
		D03C081624DC1FA100E88B96 /* CurrencyObject.swift in Sources */ = {isa = PBXBuildFile; fileRef = D03C081524DC1FA100E88B96 /* CurrencyObject.swift */; };
		D03C081824DC255100E88B96 /* PaymentTypeObject.swift in Sources */ = {isa = PBXBuildFile; fileRef = D03C081724DC255100E88B96 /* PaymentTypeObject.swift */; };
		D03C081A24DC2C5D00E88B96 /* ExpenseDetailObject.swift in Sources */ = {isa = PBXBuildFile; fileRef = D03C081924DC2C5D00E88B96 /* ExpenseDetailObject.swift */; };
		D045409B24C0926A00CA9A27 /* DefaultTableViewWithSectionsDataSource.swift in Sources */ = {isa = PBXBuildFile; fileRef = D045409A24C0926A00CA9A27 /* DefaultTableViewWithSectionsDataSource.swift */; };
		D045409D24C09FCF00CA9A27 /* SectionHeaderCell.xib in Resources */ = {isa = PBXBuildFile; fileRef = D045409C24C09FCF00CA9A27 /* SectionHeaderCell.xib */; };
		D04540A024C0A01000CA9A27 /* SectionHeaderCell.swift in Sources */ = {isa = PBXBuildFile; fileRef = D045409F24C0A01000CA9A27 /* SectionHeaderCell.swift */; };
		D05F295E24D21EAC005C55C2 /* ExpenseGroupObject.swift in Sources */ = {isa = PBXBuildFile; fileRef = D05F295D24D21EAC005C55C2 /* ExpenseGroupObject.swift */; };
		D0729E1824FFE2FD0057A874 /* CachedDataService.swift in Sources */ = {isa = PBXBuildFile; fileRef = D0729E1724FFE2FD0057A874 /* CachedDataService.swift */; };
		D088863624CF5A530044ABE4 /* ExpenceDto.swift in Sources */ = {isa = PBXBuildFile; fileRef = D088863524CF5A530044ABE4 /* ExpenceDto.swift */; };
		D088863824CF5B340044ABE4 /* ExpenseObject.swift in Sources */ = {isa = PBXBuildFile; fileRef = D088863724CF5B340044ABE4 /* ExpenseObject.swift */; };
		D088863C24CF5D2F0044ABE4 /* ExpenseProtocol.swift in Sources */ = {isa = PBXBuildFile; fileRef = D088863B24CF5D2F0044ABE4 /* ExpenseProtocol.swift */; };
		D09B475E24D87E52002ADD62 /* ExpenseEditStoryboard.storyboard in Resources */ = {isa = PBXBuildFile; fileRef = D09B475D24D87E52002ADD62 /* ExpenseEditStoryboard.storyboard */; };
		D09B476024D87E66002ADD62 /* ExpenseEditViewController.swift in Sources */ = {isa = PBXBuildFile; fileRef = D09B475F24D87E66002ADD62 /* ExpenseEditViewController.swift */; };
		D09B476324D8804D002ADD62 /* ExpensesEditViewModel.swift in Sources */ = {isa = PBXBuildFile; fileRef = D09B476224D8804D002ADD62 /* ExpensesEditViewModel.swift */; };
		D09C309A24C0BA1B00A214DD /* ExpensesViewCell.xib in Resources */ = {isa = PBXBuildFile; fileRef = D09C309924C0BA1B00A214DD /* ExpensesViewCell.xib */; };
		D09C309C24C0BA3700A214DD /* ExpensesViewCell.swift in Sources */ = {isa = PBXBuildFile; fileRef = D09C309B24C0BA3700A214DD /* ExpensesViewCell.swift */; };
		D0A10E4C24DD5D82008EE4AF /* PhotoService.swift in Sources */ = {isa = PBXBuildFile; fileRef = D0A10E4B24DD5D82008EE4AF /* PhotoService.swift */; };
		D0AF19FA250BCC99005F1F23 /* SkyFloatingLabelTextField.framework in Frameworks */ = {isa = PBXBuildFile; fileRef = D0AF19F9250BCC99005F1F23 /* SkyFloatingLabelTextField.framework */; };
		D0AF19FB250BCC99005F1F23 /* SkyFloatingLabelTextField.framework in Embed Frameworks */ = {isa = PBXBuildFile; fileRef = D0AF19F9250BCC99005F1F23 /* SkyFloatingLabelTextField.framework */; settings = {ATTRIBUTES = (CodeSignOnCopy, RemoveHeadersOnCopy, ); }; };
		D0AF1A00250C0723005F1F23 /* Styles.swift in Sources */ = {isa = PBXBuildFile; fileRef = D0AF19FF250C0723005F1F23 /* Styles.swift */; };
		D0C86A7E24F7C01900548D1D /* LoadingView.swift in Sources */ = {isa = PBXBuildFile; fileRef = D0C86A7D24F7C01900548D1D /* LoadingView.swift */; };
		D0C86A8024F7C4B300548D1D /* LoadingView.xib in Resources */ = {isa = PBXBuildFile; fileRef = D0C86A7F24F7C4B300548D1D /* LoadingView.xib */; };
		D0C86A8324F7C7A300548D1D /* ErrorView.swift in Sources */ = {isa = PBXBuildFile; fileRef = D0C86A8224F7C7A300548D1D /* ErrorView.swift */; };
		D0C86A8624F7D48E00548D1D /* ErrorView.xib in Resources */ = {isa = PBXBuildFile; fileRef = D0C86A8524F7D48E00548D1D /* ErrorView.xib */; };
		D0D5902C24E5786C00550C74 /* Dictionsries.swift in Sources */ = {isa = PBXBuildFile; fileRef = D0D5902B24E5786C00550C74 /* Dictionsries.swift */; };
		D0D5902F24E595F000550C74 /* EventObject.swift in Sources */ = {isa = PBXBuildFile; fileRef = D0D5902E24E595F000550C74 /* EventObject.swift */; };
		D0D5903224E599FE00550C74 /* EventViewCell.xib in Resources */ = {isa = PBXBuildFile; fileRef = D0D5903124E599FE00550C74 /* EventViewCell.xib */; };
		D0D5903424E59A3100550C74 /* EventViewCell.swift in Sources */ = {isa = PBXBuildFile; fileRef = D0D5903324E59A3100550C74 /* EventViewCell.swift */; };
		D0D5903624E694F700550C74 /* CalendarProtocol.swift in Sources */ = {isa = PBXBuildFile; fileRef = D0D5903524E694F700550C74 /* CalendarProtocol.swift */; };
		D0D5903824E695A000550C74 /* CalendarDataService.swift in Sources */ = {isa = PBXBuildFile; fileRef = D0D5903724E695A000550C74 /* CalendarDataService.swift */; };
		D0DED8E724E4228C000C0407 /* CalendarViewController.swift in Sources */ = {isa = PBXBuildFile; fileRef = D0DED8E624E4228C000C0407 /* CalendarViewController.swift */; };
		D0DED8E924E422A0000C0407 /* CalendarStoryboard.storyboard in Resources */ = {isa = PBXBuildFile; fileRef = D0DED8E824E422A0000C0407 /* CalendarStoryboard.storyboard */; };
		D0DED8EB24E42341000C0407 /* CalendarViewModel.swift in Sources */ = {isa = PBXBuildFile; fileRef = D0DED8EA24E42341000C0407 /* CalendarViewModel.swift */; };
		D0EC947D24E139EB007D547A /* ExpenseRemoteDataService.swift in Sources */ = {isa = PBXBuildFile; fileRef = D0EC947C24E139EB007D547A /* ExpenseRemoteDataService.swift */; };
		D0EC948024E16092007D547A /* DateFormatters.swift in Sources */ = {isa = PBXBuildFile; fileRef = D0EC947F24E16092007D547A /* DateFormatters.swift */; };
/* End PBXBuildFile section */

/* Begin PBXCopyFilesBuildPhase section */
		D0006D37250AB1FE00562FF5 /* Embed Frameworks */ = {
			isa = PBXCopyFilesBuildPhase;
			buildActionMask = 2147483647;
			dstPath = "";
			dstSubfolderSpec = 10;
			files = (
				D0AF19FB250BCC99005F1F23 /* SkyFloatingLabelTextField.framework in Embed Frameworks */,
			);
			name = "Embed Frameworks";
			runOnlyForDeploymentPostprocessing = 0;
		};
/* End PBXCopyFilesBuildPhase section */

/* Begin PBXFileReference section */
		221BACE224F2C72E0080F590 /* EventCategoryObject.swift */ = {isa = PBXFileReference; lastKnownFileType = sourcecode.swift; path = EventCategoryObject.swift; sourceTree = "<group>"; };
		22412FA624EEEB1A00E5DA93 /* EventEditStoryboard.storyboard */ = {isa = PBXFileReference; lastKnownFileType = file.storyboard; path = EventEditStoryboard.storyboard; sourceTree = "<group>"; };
		22412FA824EEEB3C00E5DA93 /* EventEditViewController.swift */ = {isa = PBXFileReference; lastKnownFileType = sourcecode.swift; path = EventEditViewController.swift; sourceTree = "<group>"; };
		225D640D24EBD66300F34076 /* EditableProfileView.xib */ = {isa = PBXFileReference; lastKnownFileType = file.xib; path = EditableProfileView.xib; sourceTree = "<group>"; };
		225D640F24EBD69400F34076 /* EditableProfileView.swift */ = {isa = PBXFileReference; lastKnownFileType = sourcecode.swift; path = EditableProfileView.swift; sourceTree = "<group>"; };
		226B293E24F2782B00B22EFD /* EventEditViewModel.swift */ = {isa = PBXFileReference; lastKnownFileType = sourcecode.swift; path = EventEditViewModel.swift; sourceTree = "<group>"; };
		2283072D24E6DD5F00A6E1A7 /* UserRemoteDataService.swift */ = {isa = PBXFileReference; lastKnownFileType = sourcecode.swift; path = UserRemoteDataService.swift; sourceTree = "<group>"; };
		2283072F24E6DE3D00A6E1A7 /* UserInfoDto.swift */ = {isa = PBXFileReference; lastKnownFileType = sourcecode.swift; path = UserInfoDto.swift; sourceTree = "<group>"; };
		2283073124E6DF4900A6E1A7 /* UserInfoObject.swift */ = {isa = PBXFileReference; lastKnownFileType = sourcecode.swift; path = UserInfoObject.swift; sourceTree = "<group>"; };
		22C881BA24E583000069E07D /* ProfileStoryboard.storyboard */ = {isa = PBXFileReference; lastKnownFileType = file.storyboard; path = ProfileStoryboard.storyboard; sourceTree = "<group>"; };
		22C881BC24E583780069E07D /* ProfileViewController.swift */ = {isa = PBXFileReference; lastKnownFileType = sourcecode.swift; path = ProfileViewController.swift; sourceTree = "<group>"; };
		22C881BF24E5881E0069E07D /* ProfileViewModel.swift */ = {isa = PBXFileReference; lastKnownFileType = sourcecode.swift; path = ProfileViewModel.swift; sourceTree = "<group>"; };
		62D9B22EB250C79186C625B8 /* UserInfoForUpdateObject.swift */ = {isa = PBXFileReference; fileEncoding = 4; lastKnownFileType = sourcecode.swift; path = UserInfoForUpdateObject.swift; sourceTree = "<group>"; };
		62D9B2C09AFDF32C08F993A8 /* EventDetailObject.swift */ = {isa = PBXFileReference; fileEncoding = 4; lastKnownFileType = sourcecode.swift; path = EventDetailObject.swift; sourceTree = "<group>"; };
		62D9BA7E81DD2B2ABAAD9209 /* UIExtensions .swift */ = {isa = PBXFileReference; fileEncoding = 4; lastKnownFileType = sourcecode.swift; path = "UIExtensions .swift"; sourceTree = "<group>"; };
		62D9BD13573B2A5EEBDF9175 /* DataEnums.swift */ = {isa = PBXFileReference; fileEncoding = 4; lastKnownFileType = sourcecode.swift; path = DataEnums.swift; sourceTree = "<group>"; };
		D00355B324BDCA5000C73CA5 /* ExpensesViewModel.swift */ = {isa = PBXFileReference; lastKnownFileType = sourcecode.swift; path = ExpensesViewModel.swift; sourceTree = "<group>"; };
		D00355B624BDCA9C00C73CA5 /* ExpensesViewController.swift */ = {isa = PBXFileReference; lastKnownFileType = sourcecode.swift; path = ExpensesViewController.swift; sourceTree = "<group>"; };
		D00355B824BDCAAE00C73CA5 /* ExpensesStoryboard.storyboard */ = {isa = PBXFileReference; lastKnownFileType = file.storyboard; path = ExpensesStoryboard.storyboard; sourceTree = "<group>"; };
		D006A0E124DAA4EE0069F21C /* DefaultUIPickerView.swift */ = {isa = PBXFileReference; lastKnownFileType = sourcecode.swift; path = DefaultUIPickerView.swift; sourceTree = "<group>"; };
		D019611624F7D7F700789A36 /* EmptyView.xib */ = {isa = PBXFileReference; lastKnownFileType = file.xib; path = EmptyView.xib; sourceTree = "<group>"; };
		D019611A24F7E0C200789A36 /* UIViewExtensions.swift */ = {isa = PBXFileReference; lastKnownFileType = sourcecode.swift; path = UIViewExtensions.swift; sourceTree = "<group>"; };
		D01B9FCA24D238DA00E97A93 /* File.json */ = {isa = PBXFileReference; lastKnownFileType = text.json; path = File.json; sourceTree = "<group>"; };
		D026E9B924A2333400EF2248 /* bms.app */ = {isa = PBXFileReference; explicitFileType = wrapper.application; includeInIndex = 0; path = bms.app; sourceTree = BUILT_PRODUCTS_DIR; };
		D026E9BC24A2333400EF2248 /* AppDelegate.swift */ = {isa = PBXFileReference; lastKnownFileType = sourcecode.swift; path = AppDelegate.swift; sourceTree = "<group>"; };
		D026E9C524A2333500EF2248 /* Assets.xcassets */ = {isa = PBXFileReference; lastKnownFileType = folder.assetcatalog; path = Assets.xcassets; sourceTree = "<group>"; };
		D026E9C824A2333500EF2248 /* Base */ = {isa = PBXFileReference; lastKnownFileType = file.storyboard; name = Base; path = Base.lproj/LaunchScreen.storyboard; sourceTree = "<group>"; };
		D026E9CA24A2333500EF2248 /* Info.plist */ = {isa = PBXFileReference; lastKnownFileType = text.plist.xml; path = Info.plist; sourceTree = "<group>"; };
		D026EA2224A2375800EF2248 /* UIConverters.swift */ = {isa = PBXFileReference; fileEncoding = 4; lastKnownFileType = sourcecode.swift; path = UIConverters.swift; sourceTree = "<group>"; };
		D026EA2624A2375800EF2248 /* DefaultTableViewDataSource.swift */ = {isa = PBXFileReference; fileEncoding = 4; lastKnownFileType = sourcecode.swift; path = DefaultTableViewDataSource.swift; sourceTree = "<group>"; };
		D026EA2724A2375800EF2248 /* DefaultTableViewDelegate.swift */ = {isa = PBXFileReference; fileEncoding = 4; lastKnownFileType = sourcecode.swift; path = DefaultTableViewDelegate.swift; sourceTree = "<group>"; };
		D026EA2924A2375800EF2248 /* BaseViewController.swift */ = {isa = PBXFileReference; fileEncoding = 4; lastKnownFileType = sourcecode.swift; path = BaseViewController.swift; sourceTree = "<group>"; };
		D026EA3524A2375800EF2248 /* LoginStoryboard.storyboard */ = {isa = PBXFileReference; fileEncoding = 4; lastKnownFileType = file.storyboard; path = LoginStoryboard.storyboard; sourceTree = "<group>"; };
		D026EA3624A2375800EF2248 /* LoginViewController.swift */ = {isa = PBXFileReference; fileEncoding = 4; lastKnownFileType = sourcecode.swift; path = LoginViewController.swift; sourceTree = "<group>"; };
		D026EA7B24A237B200EF2248 /* BaseViewModel.swift */ = {isa = PBXFileReference; fileEncoding = 4; lastKnownFileType = sourcecode.swift; path = BaseViewModel.swift; sourceTree = "<group>"; };
		D026EA8624A237F400EF2248 /* Consts.swift */ = {isa = PBXFileReference; fileEncoding = 4; lastKnownFileType = sourcecode.swift; path = Consts.swift; sourceTree = "<group>"; };
		D026EA8724A237F400EF2248 /* DialogService.swift */ = {isa = PBXFileReference; fileEncoding = 4; lastKnownFileType = sourcecode.swift; path = DialogService.swift; sourceTree = "<group>"; };
		D026EA8824A237F400EF2248 /* SwiftEventBus.swift */ = {isa = PBXFileReference; fileEncoding = 4; lastKnownFileType = sourcecode.swift; path = SwiftEventBus.swift; sourceTree = "<group>"; };
		D026EA8924A237F400EF2248 /* SettingsService.swift */ = {isa = PBXFileReference; fileEncoding = 4; lastKnownFileType = sourcecode.swift; path = SettingsService.swift; sourceTree = "<group>"; };
		D026EA8A24A237F400EF2248 /* NavigationService.swift */ = {isa = PBXFileReference; fileEncoding = 4; lastKnownFileType = sourcecode.swift; path = NavigationService.swift; sourceTree = "<group>"; };
		D026EA9224A238F700EF2248 /* InitializedViewCell.swift */ = {isa = PBXFileReference; lastKnownFileType = sourcecode.swift; path = InitializedViewCell.swift; sourceTree = "<group>"; };
		D026EAC824A23D6800EF2248 /* DataServices.swift */ = {isa = PBXFileReference; fileEncoding = 4; lastKnownFileType = sourcecode.swift; path = DataServices.swift; sourceTree = "<group>"; };
		D026EACA24A23D6800EF2248 /* BaseMockDataService.swift */ = {isa = PBXFileReference; fileEncoding = 4; lastKnownFileType = sourcecode.swift; path = BaseMockDataService.swift; sourceTree = "<group>"; };
		D026EACB24A23D6800EF2248 /* UserMockDataService.swift */ = {isa = PBXFileReference; fileEncoding = 4; lastKnownFileType = sourcecode.swift; path = UserMockDataService.swift; sourceTree = "<group>"; };
		D026EACE24A23D6800EF2248 /* LoginDto.swift */ = {isa = PBXFileReference; fileEncoding = 4; lastKnownFileType = sourcecode.swift; path = LoginDto.swift; sourceTree = "<group>"; };
		D026EAD024A23D6800EF2248 /* expenseJson.json */ = {isa = PBXFileReference; fileEncoding = 4; lastKnownFileType = text.json; path = expenseJson.json; sourceTree = "<group>"; };
		D026EAD124A23D6800EF2248 /* RequestResult.swift */ = {isa = PBXFileReference; fileEncoding = 4; lastKnownFileType = sourcecode.swift; path = RequestResult.swift; sourceTree = "<group>"; };
		D026EAD324A23D6800EF2248 /* EndPoints.swift */ = {isa = PBXFileReference; fileEncoding = 4; lastKnownFileType = sourcecode.swift; path = EndPoints.swift; sourceTree = "<group>"; };
		D026EAD424A23D6800EF2248 /* BaseRemoteDataService.swift */ = {isa = PBXFileReference; fileEncoding = 4; lastKnownFileType = sourcecode.swift; path = BaseRemoteDataService.swift; sourceTree = "<group>"; };
		D026EAD624A23D6800EF2248 /* ConverterExtensions.swift */ = {isa = PBXFileReference; fileEncoding = 4; lastKnownFileType = sourcecode.swift; path = ConverterExtensions.swift; sourceTree = "<group>"; };
		D026EAD924A23D6800EF2248 /* LoginResponseObject.swift */ = {isa = PBXFileReference; fileEncoding = 4; lastKnownFileType = sourcecode.swift; path = LoginResponseObject.swift; sourceTree = "<group>"; };
		D026EADB24A23D6800EF2248 /* UserProtocol.swift */ = {isa = PBXFileReference; fileEncoding = 4; lastKnownFileType = sourcecode.swift; path = UserProtocol.swift; sourceTree = "<group>"; };
		D026EAE724A23D9800EF2248 /* LoginViewModel.swift */ = {isa = PBXFileReference; fileEncoding = 4; lastKnownFileType = sourcecode.swift; path = LoginViewModel.swift; sourceTree = "<group>"; };
		D02850F124D93F1B005AA6FF /* ExpenseCategoryObject.swift */ = {isa = PBXFileReference; lastKnownFileType = sourcecode.swift; path = ExpenseCategoryObject.swift; sourceTree = "<group>"; };
		D03C081524DC1FA100E88B96 /* CurrencyObject.swift */ = {isa = PBXFileReference; lastKnownFileType = sourcecode.swift; path = CurrencyObject.swift; sourceTree = "<group>"; };
		D03C081724DC255100E88B96 /* PaymentTypeObject.swift */ = {isa = PBXFileReference; lastKnownFileType = sourcecode.swift; path = PaymentTypeObject.swift; sourceTree = "<group>"; };
		D03C081924DC2C5D00E88B96 /* ExpenseDetailObject.swift */ = {isa = PBXFileReference; lastKnownFileType = sourcecode.swift; path = ExpenseDetailObject.swift; sourceTree = "<group>"; };
		D045409A24C0926A00CA9A27 /* DefaultTableViewWithSectionsDataSource.swift */ = {isa = PBXFileReference; lastKnownFileType = sourcecode.swift; path = DefaultTableViewWithSectionsDataSource.swift; sourceTree = "<group>"; };
		D045409C24C09FCF00CA9A27 /* SectionHeaderCell.xib */ = {isa = PBXFileReference; lastKnownFileType = file.xib; path = SectionHeaderCell.xib; sourceTree = "<group>"; };
		D045409F24C0A01000CA9A27 /* SectionHeaderCell.swift */ = {isa = PBXFileReference; lastKnownFileType = sourcecode.swift; path = SectionHeaderCell.swift; sourceTree = "<group>"; };
		D05F295D24D21EAC005C55C2 /* ExpenseGroupObject.swift */ = {isa = PBXFileReference; lastKnownFileType = sourcecode.swift; path = ExpenseGroupObject.swift; sourceTree = "<group>"; };
		D0729E1724FFE2FD0057A874 /* CachedDataService.swift */ = {isa = PBXFileReference; lastKnownFileType = sourcecode.swift; path = CachedDataService.swift; sourceTree = "<group>"; };
		D088863524CF5A530044ABE4 /* ExpenceDto.swift */ = {isa = PBXFileReference; lastKnownFileType = sourcecode.swift; path = ExpenceDto.swift; sourceTree = "<group>"; };
		D088863724CF5B340044ABE4 /* ExpenseObject.swift */ = {isa = PBXFileReference; lastKnownFileType = sourcecode.swift; path = ExpenseObject.swift; sourceTree = "<group>"; };
		D088863B24CF5D2F0044ABE4 /* ExpenseProtocol.swift */ = {isa = PBXFileReference; lastKnownFileType = sourcecode.swift; path = ExpenseProtocol.swift; sourceTree = "<group>"; };
		D09B475D24D87E52002ADD62 /* ExpenseEditStoryboard.storyboard */ = {isa = PBXFileReference; lastKnownFileType = file.storyboard; path = ExpenseEditStoryboard.storyboard; sourceTree = "<group>"; };
		D09B475F24D87E66002ADD62 /* ExpenseEditViewController.swift */ = {isa = PBXFileReference; lastKnownFileType = sourcecode.swift; path = ExpenseEditViewController.swift; sourceTree = "<group>"; };
		D09B476224D8804D002ADD62 /* ExpensesEditViewModel.swift */ = {isa = PBXFileReference; lastKnownFileType = sourcecode.swift; path = ExpensesEditViewModel.swift; sourceTree = "<group>"; };
		D09C309924C0BA1B00A214DD /* ExpensesViewCell.xib */ = {isa = PBXFileReference; lastKnownFileType = file.xib; path = ExpensesViewCell.xib; sourceTree = "<group>"; };
		D09C309B24C0BA3700A214DD /* ExpensesViewCell.swift */ = {isa = PBXFileReference; lastKnownFileType = sourcecode.swift; path = ExpensesViewCell.swift; sourceTree = "<group>"; };
		D0A10E4B24DD5D82008EE4AF /* PhotoService.swift */ = {isa = PBXFileReference; lastKnownFileType = sourcecode.swift; path = PhotoService.swift; sourceTree = "<group>"; };
		D0AF19F9250BCC99005F1F23 /* SkyFloatingLabelTextField.framework */ = {isa = PBXFileReference; lastKnownFileType = wrapper.framework; name = SkyFloatingLabelTextField.framework; path = Carthage/Build/iOS/SkyFloatingLabelTextField.framework; sourceTree = "<group>"; };
		D0AF19FF250C0723005F1F23 /* Styles.swift */ = {isa = PBXFileReference; lastKnownFileType = sourcecode.swift; path = Styles.swift; sourceTree = "<group>"; };
		D0C86A7D24F7C01900548D1D /* LoadingView.swift */ = {isa = PBXFileReference; lastKnownFileType = sourcecode.swift; path = LoadingView.swift; sourceTree = "<group>"; };
		D0C86A7F24F7C4B300548D1D /* LoadingView.xib */ = {isa = PBXFileReference; lastKnownFileType = file.xib; path = LoadingView.xib; sourceTree = "<group>"; };
		D0C86A8224F7C7A300548D1D /* ErrorView.swift */ = {isa = PBXFileReference; lastKnownFileType = sourcecode.swift; path = ErrorView.swift; sourceTree = "<group>"; };
		D0C86A8524F7D48E00548D1D /* ErrorView.xib */ = {isa = PBXFileReference; lastKnownFileType = file.xib; path = ErrorView.xib; sourceTree = "<group>"; };
		D0D5902B24E5786C00550C74 /* Dictionsries.swift */ = {isa = PBXFileReference; lastKnownFileType = sourcecode.swift; path = Dictionsries.swift; sourceTree = "<group>"; };
		D0D5902E24E595F000550C74 /* EventObject.swift */ = {isa = PBXFileReference; lastKnownFileType = sourcecode.swift; path = EventObject.swift; sourceTree = "<group>"; };
		D0D5903124E599FE00550C74 /* EventViewCell.xib */ = {isa = PBXFileReference; lastKnownFileType = file.xib; path = EventViewCell.xib; sourceTree = "<group>"; };
		D0D5903324E59A3100550C74 /* EventViewCell.swift */ = {isa = PBXFileReference; lastKnownFileType = sourcecode.swift; path = EventViewCell.swift; sourceTree = "<group>"; };
		D0D5903524E694F700550C74 /* CalendarProtocol.swift */ = {isa = PBXFileReference; lastKnownFileType = sourcecode.swift; path = CalendarProtocol.swift; sourceTree = "<group>"; };
		D0D5903724E695A000550C74 /* CalendarDataService.swift */ = {isa = PBXFileReference; lastKnownFileType = sourcecode.swift; path = CalendarDataService.swift; sourceTree = "<group>"; };
		D0DED8E624E4228C000C0407 /* CalendarViewController.swift */ = {isa = PBXFileReference; lastKnownFileType = sourcecode.swift; path = CalendarViewController.swift; sourceTree = "<group>"; };
		D0DED8E824E422A0000C0407 /* CalendarStoryboard.storyboard */ = {isa = PBXFileReference; lastKnownFileType = file.storyboard; path = CalendarStoryboard.storyboard; sourceTree = "<group>"; };
		D0DED8EA24E42341000C0407 /* CalendarViewModel.swift */ = {isa = PBXFileReference; lastKnownFileType = sourcecode.swift; path = CalendarViewModel.swift; sourceTree = "<group>"; };
		D0EC947C24E139EB007D547A /* ExpenseRemoteDataService.swift */ = {isa = PBXFileReference; lastKnownFileType = sourcecode.swift; path = ExpenseRemoteDataService.swift; sourceTree = "<group>"; };
		D0EC947F24E16092007D547A /* DateFormatters.swift */ = {isa = PBXFileReference; lastKnownFileType = sourcecode.swift; path = DateFormatters.swift; sourceTree = "<group>"; };
/* End PBXFileReference section */

/* Begin PBXFrameworksBuildPhase section */
		D026E9B624A2333400EF2248 /* Frameworks */ = {
			isa = PBXFrameworksBuildPhase;
			buildActionMask = 2147483647;
			files = (
				D0006D26250AB0AA00562FF5 /* Alamofire in Frameworks */,
				D0006D25250AB0AA00562FF5 /* MBProgressHUD in Frameworks */,
				D0AF19FA250BCC99005F1F23 /* SkyFloatingLabelTextField.framework in Frameworks */,
				D0006D24250AB0AA00562FF5 /* SDWebImageSwiftUI in Frameworks */,
				D0006D27250AB0AA00562FF5 /* KDCalendar in Frameworks */,
			);
			runOnlyForDeploymentPostprocessing = 0;
		};
/* End PBXFrameworksBuildPhase section */

/* Begin PBXGroup section */
		220683F924E6F6F0001CE715 /* EditableProfileView */ = {
			isa = PBXGroup;
			children = (
				225D640D24EBD66300F34076 /* EditableProfileView.xib */,
				225D640F24EBD69400F34076 /* EditableProfileView.swift */,
			);
			path = EditableProfileView;
			sourceTree = "<group>";
		};
		226B293D24F277CA00B22EFD /* NewEvent */ = {
			isa = PBXGroup;
			children = (
				226B293E24F2782B00B22EFD /* EventEditViewModel.swift */,
			);
			path = NewEvent;
			sourceTree = "<group>";
		};
		22C881B924E582EC0069E07D /* Profile */ = {
			isa = PBXGroup;
			children = (
				22C881BA24E583000069E07D /* ProfileStoryboard.storyboard */,
				22C881BC24E583780069E07D /* ProfileViewController.swift */,
			);
			path = Profile;
			sourceTree = "<group>";
		};
		22C881BE24E5880C0069E07D /* Profile */ = {
			isa = PBXGroup;
			children = (
				22C881BF24E5881E0069E07D /* ProfileViewModel.swift */,
			);
			path = Profile;
			sourceTree = "<group>";
		};
		62D9B3F2AB31064291F4DFA4 /* EventEdit */ = {
			isa = PBXGroup;
			children = (
				22412FA624EEEB1A00E5DA93 /* EventEditStoryboard.storyboard */,
				22412FA824EEEB3C00E5DA93 /* EventEditViewController.swift */,
			);
			path = EventEdit;
			sourceTree = "<group>";
		};
		D0006D2A250AB17000562FF5 /* Frameworks */ = {
			isa = PBXGroup;
			children = (
				D0AF19F9250BCC99005F1F23 /* SkyFloatingLabelTextField.framework */,
			);
			name = Frameworks;
			sourceTree = "<group>";
		};
		D00355B224BDCA4100C73CA5 /* Expenses */ = {
			isa = PBXGroup;
			children = (
				D00355B324BDCA5000C73CA5 /* ExpensesViewModel.swift */,
			);
			path = Expenses;
			sourceTree = "<group>";
		};
		D00355B524BDCA7700C73CA5 /* Expenses */ = {
			isa = PBXGroup;
			children = (
				D00355B624BDCA9C00C73CA5 /* ExpensesViewController.swift */,
				D00355B824BDCAAE00C73CA5 /* ExpensesStoryboard.storyboard */,
			);
			path = Expenses;
			sourceTree = "<group>";
		};
		D019611E24F8015000789A36 /* Shell */ = {
			isa = PBXGroup;
			children = (
				D019611A24F7E0C200789A36 /* UIViewExtensions.swift */,
			);
			path = Shell;
			sourceTree = "<group>";
		};
		D026E9B024A2333300EF2248 = {
			isa = PBXGroup;
			children = (
				D026E9BB24A2333400EF2248 /* bms */,
				D026E9BA24A2333400EF2248 /* Products */,
				D0006D2A250AB17000562FF5 /* Frameworks */,
			);
			sourceTree = "<group>";
		};
		D026E9BA24A2333400EF2248 /* Products */ = {
			isa = PBXGroup;
			children = (
				D026E9B924A2333400EF2248 /* bms.app */,
			);
			name = Products;
			sourceTree = "<group>";
		};
		D026E9BB24A2333400EF2248 /* bms */ = {
			isa = PBXGroup;
			children = (
				D026EAC724A23D6800EF2248 /* DAL */,
				D026EA8524A237F400EF2248 /* Shell */,
				D026EA2024A2375800EF2248 /* UI */,
				D026EA4524A2376300EF2248 /* BL */,
				D026E9BC24A2333400EF2248 /* AppDelegate.swift */,
				D026E9C524A2333500EF2248 /* Assets.xcassets */,
				D026E9C724A2333500EF2248 /* LaunchScreen.storyboard */,
				D026E9CA24A2333500EF2248 /* Info.plist */,
			);
			path = bms;
			sourceTree = "<group>";
		};
		D026EA2024A2375800EF2248 /* UI */ = {
			isa = PBXGroup;
			children = (
				D019611E24F8015000789A36 /* Shell */,
				D0EC947E24E16029007D547A /* Formatters */,
				D026EA2124A2375800EF2248 /* Convertes */,
				D026EA2324A2375800EF2248 /* ViewCells */,
				D026EA2524A2375800EF2248 /* Delegates */,
				D026EA2824A2375800EF2248 /* Modules */,
				D026EA3A24A2375800EF2248 /* Views */,
				D0AF19FF250C0723005F1F23 /* Styles.swift */,
			);
			path = UI;
			sourceTree = "<group>";
		};
		D026EA2124A2375800EF2248 /* Convertes */ = {
			isa = PBXGroup;
			children = (
				D026EA2224A2375800EF2248 /* UIConverters.swift */,
			);
			path = Convertes;
			sourceTree = "<group>";
		};
		D026EA2324A2375800EF2248 /* ViewCells */ = {
			isa = PBXGroup;
			children = (
				D0D5903024E599EA00550C74 /* EventViewCell */,
				D09C309824C0B9EE00A214DD /* ExpensesViewCell */,
				D045409E24C09FF900CA9A27 /* SectionHeaderCell */,
				D026EA9224A238F700EF2248 /* InitializedViewCell.swift */,
			);
			path = ViewCells;
			sourceTree = "<group>";
		};
		D026EA2524A2375800EF2248 /* Delegates */ = {
			isa = PBXGroup;
			children = (
				D026EA2624A2375800EF2248 /* DefaultTableViewDataSource.swift */,
				D026EA2724A2375800EF2248 /* DefaultTableViewDelegate.swift */,
				D045409A24C0926A00CA9A27 /* DefaultTableViewWithSectionsDataSource.swift */,
			);
			path = Delegates;
			sourceTree = "<group>";
		};
		D026EA2824A2375800EF2248 /* Modules */ = {
			isa = PBXGroup;
			children = (
				D0DED8E524E41F1C000C0407 /* Calendar */,
				D09B475C24D87E3C002ADD62 /* ExpenseEdit */,
				D00355B524BDCA7700C73CA5 /* Expenses */,
				D026EA2924A2375800EF2248 /* BaseViewController.swift */,
				D026EA3324A2375800EF2248 /* User */,
				62D9B3F2AB31064291F4DFA4 /* EventEdit */,
				62D9BA7E81DD2B2ABAAD9209 /* UIExtensions .swift */,
			);
			path = Modules;
			sourceTree = "<group>";
		};
		D026EA3324A2375800EF2248 /* User */ = {
			isa = PBXGroup;
			children = (
				22C881B924E582EC0069E07D /* Profile */,
				D026EA3424A2375800EF2248 /* Login */,
			);
			path = User;
			sourceTree = "<group>";
		};
		D026EA3424A2375800EF2248 /* Login */ = {
			isa = PBXGroup;
			children = (
				D026EA3524A2375800EF2248 /* LoginStoryboard.storyboard */,
				D026EA3624A2375800EF2248 /* LoginViewController.swift */,
			);
			path = Login;
			sourceTree = "<group>";
		};
		D026EA3A24A2375800EF2248 /* Views */ = {
			isa = PBXGroup;
			children = (
				D0C86A7A24F7BFC000548D1D /* States */,
				D006A0E124DAA4EE0069F21C /* DefaultUIPickerView.swift */,
			);
			path = Views;
			sourceTree = "<group>";
		};
		D026EA4524A2376300EF2248 /* BL */ = {
			isa = PBXGroup;
			children = (
				D026EA7A24A237B200EF2248 /* ViewModels */,
			);
			path = BL;
			sourceTree = "<group>";
		};
		D026EA7A24A237B200EF2248 /* ViewModels */ = {
			isa = PBXGroup;
			children = (
				226B293D24F277CA00B22EFD /* NewEvent */,
				22C881BE24E5880C0069E07D /* Profile */,
				D0DED8EC24E42349000C0407 /* Calendar */,
				D09B476124D88037002ADD62 /* ExpensesEdit */,
				D00355B224BDCA4100C73CA5 /* Expenses */,
				D026EA7B24A237B200EF2248 /* BaseViewModel.swift */,
				D026EA7F24A237B200EF2248 /* User */,
			);
			path = ViewModels;
			sourceTree = "<group>";
		};
		D026EA7F24A237B200EF2248 /* User */ = {
			isa = PBXGroup;
			children = (
				D026EAE724A23D9800EF2248 /* LoginViewModel.swift */,
			);
			path = User;
			sourceTree = "<group>";
		};
		D026EA8524A237F400EF2248 /* Shell */ = {
			isa = PBXGroup;
			children = (
				D026EA8624A237F400EF2248 /* Consts.swift */,
				D026EA8724A237F400EF2248 /* DialogService.swift */,
				D026EA8824A237F400EF2248 /* SwiftEventBus.swift */,
				D026EA8924A237F400EF2248 /* SettingsService.swift */,
				D026EA8A24A237F400EF2248 /* NavigationService.swift */,
				D0A10E4B24DD5D82008EE4AF /* PhotoService.swift */,
				D0D5902B24E5786C00550C74 /* Dictionsries.swift */,
			);
			path = Shell;
			sourceTree = "<group>";
		};
		D026EAC724A23D6800EF2248 /* DAL */ = {
			isa = PBXGroup;
			children = (
				D026EAC824A23D6800EF2248 /* DataServices.swift */,
				D026EAC924A23D6800EF2248 /* MockDataServices */,
				D026EACC24A23D6800EF2248 /* DTO */,
				D026EACF24A23D6800EF2248 /* Resources */,
				D026EAD124A23D6800EF2248 /* RequestResult.swift */,
				D026EAD224A23D6800EF2248 /* RemoteDataService */,
				D026EAD524A23D6800EF2248 /* DataConverters */,
				D026EAD724A23D6800EF2248 /* DataObjects */,
				D026EADA24A23D6800EF2248 /* Protocols */,
			);
			path = DAL;
			sourceTree = "<group>";
		};
		D026EAC924A23D6800EF2248 /* MockDataServices */ = {
			isa = PBXGroup;
			children = (
				D026EACA24A23D6800EF2248 /* BaseMockDataService.swift */,
				D026EACB24A23D6800EF2248 /* UserMockDataService.swift */,
			);
			path = MockDataServices;
			sourceTree = "<group>";
		};
		D026EACC24A23D6800EF2248 /* DTO */ = {
			isa = PBXGroup;
			children = (
				D05F295924D21C66005C55C2 /* Expense */,
				D026EACD24A23D6800EF2248 /* User */,
			);
			path = DTO;
			sourceTree = "<group>";
		};
		D026EACD24A23D6800EF2248 /* User */ = {
			isa = PBXGroup;
			children = (
				D026EACE24A23D6800EF2248 /* LoginDto.swift */,
				2283072F24E6DE3D00A6E1A7 /* UserInfoDto.swift */,
			);
			path = User;
			sourceTree = "<group>";
		};
		D026EACF24A23D6800EF2248 /* Resources */ = {
			isa = PBXGroup;
			children = (
				D026EAD024A23D6800EF2248 /* expenseJson.json */,
				D01B9FCA24D238DA00E97A93 /* File.json */,
			);
			path = Resources;
			sourceTree = "<group>";
		};
		D026EAD224A23D6800EF2248 /* RemoteDataService */ = {
			isa = PBXGroup;
			children = (
				D026EAD324A23D6800EF2248 /* EndPoints.swift */,
				D026EAD424A23D6800EF2248 /* BaseRemoteDataService.swift */,
				D0EC947C24E139EB007D547A /* ExpenseRemoteDataService.swift */,
				D0D5903724E695A000550C74 /* CalendarDataService.swift */,
				2283072D24E6DD5F00A6E1A7 /* UserRemoteDataService.swift */,
				D0729E1724FFE2FD0057A874 /* CachedDataService.swift */,
			);
			path = RemoteDataService;
			sourceTree = "<group>";
		};
		D026EAD524A23D6800EF2248 /* DataConverters */ = {
			isa = PBXGroup;
			children = (
				D026EAD624A23D6800EF2248 /* ConverterExtensions.swift */,
			);
			path = DataConverters;
			sourceTree = "<group>";
		};
		D026EAD724A23D6800EF2248 /* DataObjects */ = {
			isa = PBXGroup;
			children = (
				D0D5902D24E595E300550C74 /* Calendar */,
				D05F295C24D21E94005C55C2 /* Expense */,
				D026EAD824A23D6800EF2248 /* User */,
				62D9BD13573B2A5EEBDF9175 /* DataEnums.swift */,
			);
			path = DataObjects;
			sourceTree = "<group>";
		};
		D026EAD824A23D6800EF2248 /* User */ = {
			isa = PBXGroup;
			children = (
				D026EAD924A23D6800EF2248 /* LoginResponseObject.swift */,
				2283073124E6DF4900A6E1A7 /* UserInfoObject.swift */,
				62D9B22EB250C79186C625B8 /* UserInfoForUpdateObject.swift */,
			);
			path = User;
			sourceTree = "<group>";
		};
		D026EADA24A23D6800EF2248 /* Protocols */ = {
			isa = PBXGroup;
			children = (
				D026EADB24A23D6800EF2248 /* UserProtocol.swift */,
				D088863B24CF5D2F0044ABE4 /* ExpenseProtocol.swift */,
				D0D5903524E694F700550C74 /* CalendarProtocol.swift */,
			);
			path = Protocols;
			sourceTree = "<group>";
		};
		D045409E24C09FF900CA9A27 /* SectionHeaderCell */ = {
			isa = PBXGroup;
			children = (
				D045409C24C09FCF00CA9A27 /* SectionHeaderCell.xib */,
				D045409F24C0A01000CA9A27 /* SectionHeaderCell.swift */,
			);
			path = SectionHeaderCell;
			sourceTree = "<group>";
		};
		D05F295924D21C66005C55C2 /* Expense */ = {
			isa = PBXGroup;
			children = (
				D088863524CF5A530044ABE4 /* ExpenceDto.swift */,
			);
			path = Expense;
			sourceTree = "<group>";
		};
		D05F295C24D21E94005C55C2 /* Expense */ = {
			isa = PBXGroup;
			children = (
				D088863724CF5B340044ABE4 /* ExpenseObject.swift */,
				D05F295D24D21EAC005C55C2 /* ExpenseGroupObject.swift */,
				D02850F124D93F1B005AA6FF /* ExpenseCategoryObject.swift */,
				D03C081524DC1FA100E88B96 /* CurrencyObject.swift */,
				D03C081724DC255100E88B96 /* PaymentTypeObject.swift */,
				D03C081924DC2C5D00E88B96 /* ExpenseDetailObject.swift */,
			);
			path = Expense;
			sourceTree = "<group>";
		};
		D09B475C24D87E3C002ADD62 /* ExpenseEdit */ = {
			isa = PBXGroup;
			children = (
				D09B475D24D87E52002ADD62 /* ExpenseEditStoryboard.storyboard */,
				D09B475F24D87E66002ADD62 /* ExpenseEditViewController.swift */,
			);
			path = ExpenseEdit;
			sourceTree = "<group>";
		};
		D09B476124D88037002ADD62 /* ExpensesEdit */ = {
			isa = PBXGroup;
			children = (
				D09B476224D8804D002ADD62 /* ExpensesEditViewModel.swift */,
			);
			path = ExpensesEdit;
			sourceTree = "<group>";
		};
		D09C309824C0B9EE00A214DD /* ExpensesViewCell */ = {
			isa = PBXGroup;
			children = (
				D09C309924C0BA1B00A214DD /* ExpensesViewCell.xib */,
				D09C309B24C0BA3700A214DD /* ExpensesViewCell.swift */,
			);
			path = ExpensesViewCell;
			sourceTree = "<group>";
		};
		D0C86A7A24F7BFC000548D1D /* States */ = {
			isa = PBXGroup;
			children = (
				220683F924E6F6F0001CE715 /* EditableProfileView */,
				D0C86A8424F7D46C00548D1D /* ErrorView */,
				D0C86A8124F7C78900548D1D /* LoadingView */,
				D019611624F7D7F700789A36 /* EmptyView.xib */,
			);
			path = States;
			sourceTree = "<group>";
		};
		D0C86A8124F7C78900548D1D /* LoadingView */ = {
			isa = PBXGroup;
			children = (
				D0C86A7D24F7C01900548D1D /* LoadingView.swift */,
				D0C86A7F24F7C4B300548D1D /* LoadingView.xib */,
			);
			path = LoadingView;
			sourceTree = "<group>";
		};
		D0C86A8424F7D46C00548D1D /* ErrorView */ = {
			isa = PBXGroup;
			children = (
				D0C86A8224F7C7A300548D1D /* ErrorView.swift */,
				D0C86A8524F7D48E00548D1D /* ErrorView.xib */,
			);
			path = ErrorView;
			sourceTree = "<group>";
		};
		D0D5902D24E595E300550C74 /* Calendar */ = {
			isa = PBXGroup;
			children = (
				D0D5902E24E595F000550C74 /* EventObject.swift */,
				221BACE224F2C72E0080F590 /* EventCategoryObject.swift */,
				62D9B2C09AFDF32C08F993A8 /* EventDetailObject.swift */,
			);
			path = Calendar;
			sourceTree = "<group>";
		};
		D0D5903024E599EA00550C74 /* EventViewCell */ = {
			isa = PBXGroup;
			children = (
				D0D5903124E599FE00550C74 /* EventViewCell.xib */,
				D0D5903324E59A3100550C74 /* EventViewCell.swift */,
			);
			path = EventViewCell;
			sourceTree = "<group>";
		};
		D0DED8E524E41F1C000C0407 /* Calendar */ = {
			isa = PBXGroup;
			children = (
				D0DED8E624E4228C000C0407 /* CalendarViewController.swift */,
				D0DED8E824E422A0000C0407 /* CalendarStoryboard.storyboard */,
			);
			path = Calendar;
			sourceTree = "<group>";
		};
		D0DED8EC24E42349000C0407 /* Calendar */ = {
			isa = PBXGroup;
			children = (
				D0DED8EA24E42341000C0407 /* CalendarViewModel.swift */,
			);
			path = Calendar;
			sourceTree = "<group>";
		};
		D0EC947E24E16029007D547A /* Formatters */ = {
			isa = PBXGroup;
			children = (
				D0EC947F24E16092007D547A /* DateFormatters.swift */,
			);
			path = Formatters;
			sourceTree = "<group>";
		};
/* End PBXGroup section */

/* Begin PBXNativeTarget section */
		D026E9B824A2333400EF2248 /* bms */ = {
			isa = PBXNativeTarget;
			buildConfigurationList = D026E9CD24A2333500EF2248 /* Build configuration list for PBXNativeTarget "bms" */;
			buildPhases = (
				D026E9B524A2333400EF2248 /* Sources */,
				D026E9B624A2333400EF2248 /* Frameworks */,
				D026E9B724A2333400EF2248 /* Resources */,
				D0006D37250AB1FE00562FF5 /* Embed Frameworks */,
			);
			buildRules = (
			);
			dependencies = (
			);
			name = bms;
			packageProductDependencies = (
				D026EA0724A235EB00EF2248 /* SDWebImageSwiftUI */,
				D026EA0A24A236B600EF2248 /* MBProgressHUD */,
				D0DED8E024E4139A000C0407 /* Alamofire */,
				D0082B5B24E570DD00ED1996 /* KDCalendar */,
			);
			productName = bms;
			productReference = D026E9B924A2333400EF2248 /* bms.app */;
			productType = "com.apple.product-type.application";
		};
/* End PBXNativeTarget section */

/* Begin PBXProject section */
		D026E9B124A2333300EF2248 /* Project object */ = {
			isa = PBXProject;
			attributes = {
				LastSwiftUpdateCheck = 1130;
				LastUpgradeCheck = 1130;
				ORGANIZATIONNAME = "Artem Tischenko";
				TargetAttributes = {
					D026E9B824A2333400EF2248 = {
						CreatedOnToolsVersion = 11.3.1;
					};
				};
			};
			buildConfigurationList = D026E9B424A2333300EF2248 /* Build configuration list for PBXProject "bms" */;
			compatibilityVersion = "Xcode 9.3";
			developmentRegion = en;
			hasScannedForEncodings = 0;
			knownRegions = (
				en,
				Base,
			);
			mainGroup = D026E9B024A2333300EF2248;
			packageReferences = (
				D026EA0624A235EB00EF2248 /* XCRemoteSwiftPackageReference "SDWebImageSwiftUI" */,
				D026EA0924A236B600EF2248 /* XCRemoteSwiftPackageReference "MBProgressHUD" */,
				D0DED8DF24E4139A000C0407 /* XCRemoteSwiftPackageReference "Alamofire" */,
				D0082B5A24E570DD00ED1996 /* XCRemoteSwiftPackageReference "CalendarView" */,
			);
			productRefGroup = D026E9BA24A2333400EF2248 /* Products */;
			projectDirPath = "";
			projectRoot = "";
			targets = (
				D026E9B824A2333400EF2248 /* bms */,
			);
		};
/* End PBXProject section */

/* Begin PBXResourcesBuildPhase section */
		D026E9B724A2333400EF2248 /* Resources */ = {
			isa = PBXResourcesBuildPhase;
			buildActionMask = 2147483647;
			files = (
				22412FA724EEEB1A00E5DA93 /* EventEditStoryboard.storyboard in Resources */,
				D045409D24C09FCF00CA9A27 /* SectionHeaderCell.xib in Resources */,
				D026E9C924A2333500EF2248 /* LaunchScreen.storyboard in Resources */,
				D0C86A8624F7D48E00548D1D /* ErrorView.xib in Resources */,
				225D640E24EBD66300F34076 /* EditableProfileView.xib in Resources */,
				22C881BB24E583000069E07D /* ProfileStoryboard.storyboard in Resources */,
				D01B9FCB24D238DA00E97A93 /* File.json in Resources */,
				D09B475E24D87E52002ADD62 /* ExpenseEditStoryboard.storyboard in Resources */,
				D019611724F7D7F700789A36 /* EmptyView.xib in Resources */,
				D0D5903224E599FE00550C74 /* EventViewCell.xib in Resources */,
				D026EAE024A23D6800EF2248 /* expenseJson.json in Resources */,
				D0C86A8024F7C4B300548D1D /* LoadingView.xib in Resources */,
				D00355B924BDCAAE00C73CA5 /* ExpensesStoryboard.storyboard in Resources */,
				D026E9C624A2333500EF2248 /* Assets.xcassets in Resources */,
				D0DED8E924E422A0000C0407 /* CalendarStoryboard.storyboard in Resources */,
				D09C309A24C0BA1B00A214DD /* ExpensesViewCell.xib in Resources */,
				D026EA4324A2375800EF2248 /* LoginStoryboard.storyboard in Resources */,
			);
			runOnlyForDeploymentPostprocessing = 0;
		};
/* End PBXResourcesBuildPhase section */

/* Begin PBXSourcesBuildPhase section */
		D026E9B524A2333400EF2248 /* Sources */ = {
			isa = PBXSourcesBuildPhase;
			buildActionMask = 2147483647;
			files = (
				D026EAE424A23D6800EF2248 /* ConverterExtensions.swift in Sources */,
				D03C081624DC1FA100E88B96 /* CurrencyObject.swift in Sources */,
				D09B476324D8804D002ADD62 /* ExpensesEditViewModel.swift in Sources */,
				D026EA8B24A237F400EF2248 /* Consts.swift in Sources */,
				D0DED8E724E4228C000C0407 /* CalendarViewController.swift in Sources */,
				D03C081A24DC2C5D00E88B96 /* ExpenseDetailObject.swift in Sources */,
				22C881BD24E583780069E07D /* ProfileViewController.swift in Sources */,
				D0C86A8324F7C7A300548D1D /* ErrorView.swift in Sources */,
				D09C309C24C0BA3700A214DD /* ExpensesViewCell.swift in Sources */,
				D026EA3C24A2375800EF2248 /* DefaultTableViewDataSource.swift in Sources */,
				2283073024E6DE3D00A6E1A7 /* UserInfoDto.swift in Sources */,
				D0EC947D24E139EB007D547A /* ExpenseRemoteDataService.swift in Sources */,
				D045409B24C0926A00CA9A27 /* DefaultTableViewWithSectionsDataSource.swift in Sources */,
				D00355B424BDCA5000C73CA5 /* ExpensesViewModel.swift in Sources */,
				D026EAE324A23D6800EF2248 /* BaseRemoteDataService.swift in Sources */,
				D0D5902C24E5786C00550C74 /* Dictionsries.swift in Sources */,
				D0DED8EB24E42341000C0407 /* CalendarViewModel.swift in Sources */,
				D026E9BD24A2333400EF2248 /* AppDelegate.swift in Sources */,
				D026EA8D24A237F400EF2248 /* SwiftEventBus.swift in Sources */,
				D09B476024D87E66002ADD62 /* ExpenseEditViewController.swift in Sources */,
				D026EA8C24A237F400EF2248 /* DialogService.swift in Sources */,
				D026EA3B24A2375800EF2248 /* UIConverters.swift in Sources */,
				D026EADD24A23D6800EF2248 /* BaseMockDataService.swift in Sources */,
				D0D5903624E694F700550C74 /* CalendarProtocol.swift in Sources */,
				D026EA8E24A237F400EF2248 /* SettingsService.swift in Sources */,
				225D641024EBD69400F34076 /* EditableProfileView.swift in Sources */,
				D026EA8F24A237F400EF2248 /* NavigationService.swift in Sources */,
				D0EC948024E16092007D547A /* DateFormatters.swift in Sources */,
				D026EAE224A23D6800EF2248 /* EndPoints.swift in Sources */,
				D026EAE124A23D6800EF2248 /* RequestResult.swift in Sources */,
				D088863624CF5A530044ABE4 /* ExpenceDto.swift in Sources */,
				D026EAE824A23D9800EF2248 /* LoginViewModel.swift in Sources */,
				D04540A024C0A01000CA9A27 /* SectionHeaderCell.swift in Sources */,
				D0D5902F24E595F000550C74 /* EventObject.swift in Sources */,
				D0D5903424E59A3100550C74 /* EventViewCell.swift in Sources */,
				D05F295E24D21EAC005C55C2 /* ExpenseGroupObject.swift in Sources */,
				2283073224E6DF4900A6E1A7 /* UserInfoObject.swift in Sources */,
				22412FA924EEEB3C00E5DA93 /* EventEditViewController.swift in Sources */,
				D088863C24CF5D2F0044ABE4 /* ExpenseProtocol.swift in Sources */,
				D00355B724BDCA9C00C73CA5 /* ExpensesViewController.swift in Sources */,
				D088863824CF5B340044ABE4 /* ExpenseObject.swift in Sources */,
				D026EA3D24A2375800EF2248 /* DefaultTableViewDelegate.swift in Sources */,
				D019611B24F7E0C200789A36 /* UIViewExtensions.swift in Sources */,
				D026EA8124A237B200EF2248 /* BaseViewModel.swift in Sources */,
				D03C081824DC255100E88B96 /* PaymentTypeObject.swift in Sources */,
				D006A0E224DAA4EE0069F21C /* DefaultUIPickerView.swift in Sources */,
				D026EADE24A23D6800EF2248 /* UserMockDataService.swift in Sources */,
				D026EADC24A23D6800EF2248 /* DataServices.swift in Sources */,
				221BACE324F2C72E0080F590 /* EventCategoryObject.swift in Sources */,
				D0A10E4C24DD5D82008EE4AF /* PhotoService.swift in Sources */,
				22C881C024E5881E0069E07D /* ProfileViewModel.swift in Sources */,
				226B293F24F2782B00B22EFD /* EventEditViewModel.swift in Sources */,
				D0729E1824FFE2FD0057A874 /* CachedDataService.swift in Sources */,
				D02850F224D93F1B005AA6FF /* ExpenseCategoryObject.swift in Sources */,
				D026EAE624A23D6800EF2248 /* UserProtocol.swift in Sources */,
				D026EA3E24A2375800EF2248 /* BaseViewController.swift in Sources */,
				D0C86A7E24F7C01900548D1D /* LoadingView.swift in Sources */,
				D026EAE524A23D6800EF2248 /* LoginResponseObject.swift in Sources */,
				D026EA9324A238F700EF2248 /* InitializedViewCell.swift in Sources */,
				D0D5903824E695A000550C74 /* CalendarDataService.swift in Sources */,
				D026EADF24A23D6800EF2248 /* LoginDto.swift in Sources */,
				D026EA4424A2375800EF2248 /* LoginViewController.swift in Sources */,
				2283072E24E6DD5F00A6E1A7 /* UserRemoteDataService.swift in Sources */,
				D0AF1A00250C0723005F1F23 /* Styles.swift in Sources */,
				62D9B8E229FECB3EA45E6186 /* DataEnums.swift in Sources */,
				62D9B011E374F7909670BB48 /* EventDetailObject.swift in Sources */,
				62D9B0C42D00138673F62281 /* UIExtensions .swift in Sources */,
				62D9BF96BE08C4650C4F0660 /* UserInfoForUpdateObject.swift in Sources */,
			);
			runOnlyForDeploymentPostprocessing = 0;
		};
/* End PBXSourcesBuildPhase section */

/* Begin PBXVariantGroup section */
		D026E9C724A2333500EF2248 /* LaunchScreen.storyboard */ = {
			isa = PBXVariantGroup;
			children = (
				D026E9C824A2333500EF2248 /* Base */,
			);
			name = LaunchScreen.storyboard;
			sourceTree = "<group>";
		};
/* End PBXVariantGroup section */

/* Begin XCBuildConfiguration section */
		D026E9CB24A2333500EF2248 /* Debug */ = {
			isa = XCBuildConfiguration;
			buildSettings = {
				ALWAYS_SEARCH_USER_PATHS = NO;
				CLANG_ANALYZER_NONNULL = YES;
				CLANG_ANALYZER_NUMBER_OBJECT_CONVERSION = YES_AGGRESSIVE;
				CLANG_CXX_LANGUAGE_STANDARD = "gnu++14";
				CLANG_CXX_LIBRARY = "libc++";
				CLANG_ENABLE_MODULES = YES;
				CLANG_ENABLE_OBJC_ARC = YES;
				CLANG_ENABLE_OBJC_WEAK = YES;
				CLANG_WARN_BLOCK_CAPTURE_AUTORELEASING = YES;
				CLANG_WARN_BOOL_CONVERSION = YES;
				CLANG_WARN_COMMA = YES;
				CLANG_WARN_CONSTANT_CONVERSION = YES;
				CLANG_WARN_DEPRECATED_OBJC_IMPLEMENTATIONS = YES;
				CLANG_WARN_DIRECT_OBJC_ISA_USAGE = YES_ERROR;
				CLANG_WARN_DOCUMENTATION_COMMENTS = YES;
				CLANG_WARN_EMPTY_BODY = YES;
				CLANG_WARN_ENUM_CONVERSION = YES;
				CLANG_WARN_INFINITE_RECURSION = YES;
				CLANG_WARN_INT_CONVERSION = YES;
				CLANG_WARN_NON_LITERAL_NULL_CONVERSION = YES;
				CLANG_WARN_OBJC_IMPLICIT_RETAIN_SELF = YES;
				CLANG_WARN_OBJC_LITERAL_CONVERSION = YES;
				CLANG_WARN_OBJC_ROOT_CLASS = YES_ERROR;
				CLANG_WARN_RANGE_LOOP_ANALYSIS = YES;
				CLANG_WARN_STRICT_PROTOTYPES = YES;
				CLANG_WARN_SUSPICIOUS_MOVE = YES;
				CLANG_WARN_UNGUARDED_AVAILABILITY = YES_AGGRESSIVE;
				CLANG_WARN_UNREACHABLE_CODE = YES;
				CLANG_WARN__DUPLICATE_METHOD_MATCH = YES;
				COPY_PHASE_STRIP = NO;
				DEBUG_INFORMATION_FORMAT = dwarf;
				ENABLE_STRICT_OBJC_MSGSEND = YES;
				ENABLE_TESTABILITY = YES;
				GCC_C_LANGUAGE_STANDARD = gnu11;
				GCC_DYNAMIC_NO_PIC = NO;
				GCC_NO_COMMON_BLOCKS = YES;
				GCC_OPTIMIZATION_LEVEL = 0;
				GCC_PREPROCESSOR_DEFINITIONS = (
					"DEBUG=1",
					"$(inherited)",
				);
				GCC_WARN_64_TO_32_BIT_CONVERSION = YES;
				GCC_WARN_ABOUT_RETURN_TYPE = YES_ERROR;
				GCC_WARN_UNDECLARED_SELECTOR = YES;
				GCC_WARN_UNINITIALIZED_AUTOS = YES_AGGRESSIVE;
				GCC_WARN_UNUSED_FUNCTION = YES;
				GCC_WARN_UNUSED_VARIABLE = YES;
				IPHONEOS_DEPLOYMENT_TARGET = 13.2;
				MTL_ENABLE_DEBUG_INFO = INCLUDE_SOURCE;
				MTL_FAST_MATH = YES;
				ONLY_ACTIVE_ARCH = YES;
				SDKROOT = iphoneos;
				SWIFT_ACTIVE_COMPILATION_CONDITIONS = DEBUG;
				SWIFT_OPTIMIZATION_LEVEL = "-Onone";
			};
			name = Debug;
		};
		D026E9CC24A2333500EF2248 /* Release */ = {
			isa = XCBuildConfiguration;
			buildSettings = {
				ALWAYS_SEARCH_USER_PATHS = NO;
				CLANG_ANALYZER_NONNULL = YES;
				CLANG_ANALYZER_NUMBER_OBJECT_CONVERSION = YES_AGGRESSIVE;
				CLANG_CXX_LANGUAGE_STANDARD = "gnu++14";
				CLANG_CXX_LIBRARY = "libc++";
				CLANG_ENABLE_MODULES = YES;
				CLANG_ENABLE_OBJC_ARC = YES;
				CLANG_ENABLE_OBJC_WEAK = YES;
				CLANG_WARN_BLOCK_CAPTURE_AUTORELEASING = YES;
				CLANG_WARN_BOOL_CONVERSION = YES;
				CLANG_WARN_COMMA = YES;
				CLANG_WARN_CONSTANT_CONVERSION = YES;
				CLANG_WARN_DEPRECATED_OBJC_IMPLEMENTATIONS = YES;
				CLANG_WARN_DIRECT_OBJC_ISA_USAGE = YES_ERROR;
				CLANG_WARN_DOCUMENTATION_COMMENTS = YES;
				CLANG_WARN_EMPTY_BODY = YES;
				CLANG_WARN_ENUM_CONVERSION = YES;
				CLANG_WARN_INFINITE_RECURSION = YES;
				CLANG_WARN_INT_CONVERSION = YES;
				CLANG_WARN_NON_LITERAL_NULL_CONVERSION = YES;
				CLANG_WARN_OBJC_IMPLICIT_RETAIN_SELF = YES;
				CLANG_WARN_OBJC_LITERAL_CONVERSION = YES;
				CLANG_WARN_OBJC_ROOT_CLASS = YES_ERROR;
				CLANG_WARN_RANGE_LOOP_ANALYSIS = YES;
				CLANG_WARN_STRICT_PROTOTYPES = YES;
				CLANG_WARN_SUSPICIOUS_MOVE = YES;
				CLANG_WARN_UNGUARDED_AVAILABILITY = YES_AGGRESSIVE;
				CLANG_WARN_UNREACHABLE_CODE = YES;
				CLANG_WARN__DUPLICATE_METHOD_MATCH = YES;
				COPY_PHASE_STRIP = NO;
				DEBUG_INFORMATION_FORMAT = "dwarf-with-dsym";
				ENABLE_NS_ASSERTIONS = NO;
				ENABLE_STRICT_OBJC_MSGSEND = YES;
				GCC_C_LANGUAGE_STANDARD = gnu11;
				GCC_NO_COMMON_BLOCKS = YES;
				GCC_WARN_64_TO_32_BIT_CONVERSION = YES;
				GCC_WARN_ABOUT_RETURN_TYPE = YES_ERROR;
				GCC_WARN_UNDECLARED_SELECTOR = YES;
				GCC_WARN_UNINITIALIZED_AUTOS = YES_AGGRESSIVE;
				GCC_WARN_UNUSED_FUNCTION = YES;
				GCC_WARN_UNUSED_VARIABLE = YES;
				IPHONEOS_DEPLOYMENT_TARGET = 13.2;
				MTL_ENABLE_DEBUG_INFO = NO;
				MTL_FAST_MATH = YES;
				SDKROOT = iphoneos;
				SWIFT_COMPILATION_MODE = wholemodule;
				SWIFT_OPTIMIZATION_LEVEL = "-O";
				VALIDATE_PRODUCT = YES;
			};
			name = Release;
		};
		D026E9CE24A2333500EF2248 /* Debug */ = {
			isa = XCBuildConfiguration;
			buildSettings = {
				ASSETCATALOG_COMPILER_APPICON_NAME = AppIcon;
				CODE_SIGN_STYLE = Automatic;
				DEVELOPMENT_TEAM = G9XDHMDJ7N;
				FRAMEWORK_SEARCH_PATHS = (
					"$(inherited)",
					"$(PROJECT_DIR)/Carthage/Build/iOS",
				);
				INFOPLIST_FILE = bms/Info.plist;
				LD_RUNPATH_SEARCH_PATHS = (
					"$(inherited)",
					"@executable_path/Frameworks",
				);
				PRODUCT_BUNDLE_IDENTIFIER = com.binwell.bms;
				PRODUCT_NAME = "$(TARGET_NAME)";
				SWIFT_VERSION = 5.0;
				TARGETED_DEVICE_FAMILY = "1,2";
			};
			name = Debug;
		};
		D026E9CF24A2333500EF2248 /* Release */ = {
			isa = XCBuildConfiguration;
			buildSettings = {
				ASSETCATALOG_COMPILER_APPICON_NAME = AppIcon;
				CODE_SIGN_STYLE = Automatic;
				DEVELOPMENT_TEAM = G9XDHMDJ7N;
				FRAMEWORK_SEARCH_PATHS = (
					"$(inherited)",
					"$(PROJECT_DIR)/Carthage/Build/iOS",
				);
				INFOPLIST_FILE = bms/Info.plist;
				LD_RUNPATH_SEARCH_PATHS = (
					"$(inherited)",
					"@executable_path/Frameworks",
				);
				PRODUCT_BUNDLE_IDENTIFIER = com.binwell.bms;
				PRODUCT_NAME = "$(TARGET_NAME)";
				SWIFT_VERSION = 5.0;
				TARGETED_DEVICE_FAMILY = "1,2";
			};
			name = Release;
		};
/* End XCBuildConfiguration section */

/* Begin XCConfigurationList section */
		D026E9B424A2333300EF2248 /* Build configuration list for PBXProject "bms" */ = {
			isa = XCConfigurationList;
			buildConfigurations = (
				D026E9CB24A2333500EF2248 /* Debug */,
				D026E9CC24A2333500EF2248 /* Release */,
			);
			defaultConfigurationIsVisible = 0;
			defaultConfigurationName = Release;
		};
		D026E9CD24A2333500EF2248 /* Build configuration list for PBXNativeTarget "bms" */ = {
			isa = XCConfigurationList;
			buildConfigurations = (
				D026E9CE24A2333500EF2248 /* Debug */,
				D026E9CF24A2333500EF2248 /* Release */,
			);
			defaultConfigurationIsVisible = 0;
			defaultConfigurationName = Release;
		};
/* End XCConfigurationList section */

/* Begin XCRemoteSwiftPackageReference section */
		D0082B5A24E570DD00ED1996 /* XCRemoteSwiftPackageReference "CalendarView" */ = {
			isa = XCRemoteSwiftPackageReference;
			repositoryURL = "https://github.com/mmick66/CalendarView.git";
			requirement = {
				kind = upToNextMajorVersion;
				minimumVersion = 1.8.9;
			};
		};
		D026EA0624A235EB00EF2248 /* XCRemoteSwiftPackageReference "SDWebImageSwiftUI" */ = {
			isa = XCRemoteSwiftPackageReference;
			repositoryURL = "https://github.com/SDWebImage/SDWebImageSwiftUI.git";
			requirement = {
				kind = upToNextMajorVersion;
				minimumVersion = 1.5.0;
			};
		};
		D026EA0924A236B600EF2248 /* XCRemoteSwiftPackageReference "MBProgressHUD" */ = {
			isa = XCRemoteSwiftPackageReference;
			repositoryURL = "https://github.com/jdg/MBProgressHUD.git";
			requirement = {
				kind = upToNextMajorVersion;
				minimumVersion = 1.2.0;
			};
		};
		D0DED8DF24E4139A000C0407 /* XCRemoteSwiftPackageReference "Alamofire" */ = {
			isa = XCRemoteSwiftPackageReference;
			repositoryURL = "https://github.com/Alamofire/Alamofire.git";
			requirement = {
				kind = upToNextMajorVersion;
				minimumVersion = 5.2.2;
			};
		};
/* End XCRemoteSwiftPackageReference section */

/* Begin XCSwiftPackageProductDependency section */
		D0082B5B24E570DD00ED1996 /* KDCalendar */ = {
			isa = XCSwiftPackageProductDependency;
			package = D0082B5A24E570DD00ED1996 /* XCRemoteSwiftPackageReference "CalendarView" */;
			productName = KDCalendar;
		};
		D026EA0724A235EB00EF2248 /* SDWebImageSwiftUI */ = {
			isa = XCSwiftPackageProductDependency;
			package = D026EA0624A235EB00EF2248 /* XCRemoteSwiftPackageReference "SDWebImageSwiftUI" */;
			productName = SDWebImageSwiftUI;
		};
		D026EA0A24A236B600EF2248 /* MBProgressHUD */ = {
			isa = XCSwiftPackageProductDependency;
			package = D026EA0924A236B600EF2248 /* XCRemoteSwiftPackageReference "MBProgressHUD" */;
			productName = MBProgressHUD;
		};
		D0DED8E024E4139A000C0407 /* Alamofire */ = {
			isa = XCSwiftPackageProductDependency;
			package = D0DED8DF24E4139A000C0407 /* XCRemoteSwiftPackageReference "Alamofire" */;
			productName = Alamofire;
		};
/* End XCSwiftPackageProductDependency section */
	};
	rootObject = D026E9B124A2333300EF2248 /* Project object */;
}
